// !$*UTF8*$!
{
	archiveVersion = 1;
	classes = {
	};
	objectVersion = 46;
	objects = {

/* Begin PBXBuildFile section */
		9E17AC381E4BB3C4005D5858 /* AppDelegate.swift in Sources */ = {isa = PBXBuildFile; fileRef = 9E17AC371E4BB3C4005D5858 /* AppDelegate.swift */; };
		9E17AC3A1E4BB3C4005D5858 /* ViewController.swift in Sources */ = {isa = PBXBuildFile; fileRef = 9E17AC391E4BB3C4005D5858 /* ViewController.swift */; };
		9E17AC3D1E4BB3C4005D5858 /* Main.storyboard in Resources */ = {isa = PBXBuildFile; fileRef = 9E17AC3B1E4BB3C4005D5858 /* Main.storyboard */; };
		9E17AC3F1E4BB3C4005D5858 /* Assets.xcassets in Resources */ = {isa = PBXBuildFile; fileRef = 9E17AC3E1E4BB3C4005D5858 /* Assets.xcassets */; };
		9E17AC421E4BB3C4005D5858 /* LaunchScreen.storyboard in Resources */ = {isa = PBXBuildFile; fileRef = 9E17AC401E4BB3C4005D5858 /* LaunchScreen.storyboard */; };
		9E17AC4D1E4BB3C4005D5858 /* ZachAppTests.swift in Sources */ = {isa = PBXBuildFile; fileRef = 9E17AC4C1E4BB3C4005D5858 /* ZachAppTests.swift */; };
		9E17AC581E4BB3C4005D5858 /* ZachAppUITests.swift in Sources */ = {isa = PBXBuildFile; fileRef = 9E17AC571E4BB3C4005D5858 /* ZachAppUITests.swift */; };
		9E17AC661E4BB538005D5858 /* MyCollectionCVC.swift in Sources */ = {isa = PBXBuildFile; fileRef = 9E17AC651E4BB538005D5858 /* MyCollectionCVC.swift */; };
		9E17AC681E4BBCEC005D5858 /* MyCustomCell.swift in Sources */ = {isa = PBXBuildFile; fileRef = 9E17AC671E4BBCEC005D5858 /* MyCustomCell.swift */; };
		9E1953731E54ECB40088F083 /* UIView+Extras.swift in Sources */ = {isa = PBXBuildFile; fileRef = 9E1953721E54ECB40088F083 /* UIView+Extras.swift */; };
		9E1953751E54F0DA0088F083 /* CustomFlowLayout.swift in Sources */ = {isa = PBXBuildFile; fileRef = 9E1953741E54F0DA0088F083 /* CustomFlowLayout.swift */; };
		9E1953771E54F6A90088F083 /* Core.swift in Sources */ = {isa = PBXBuildFile; fileRef = 9E1953761E54F6A90088F083 /* Core.swift */; };
		9E1953791E54F7D20088F083 /* CellClickedVC.swift in Sources */ = {isa = PBXBuildFile; fileRef = 9E1953781E54F7D20088F083 /* CellClickedVC.swift */; };
		9EAACC671E5E283000A9020D /* CollectionViewContainerVC.swift in Sources */ = {isa = PBXBuildFile; fileRef = 9EAACC661E5E283000A9020D /* CollectionViewContainerVC.swift */; };
		9EAACC691E5E2FD000A9020D /* UIViewController+Extras.swift in Sources */ = {isa = PBXBuildFile; fileRef = 9EAACC681E5E2FD000A9020D /* UIViewController+Extras.swift */; };
/* End PBXBuildFile section */

/* Begin PBXContainerItemProxy section */
		9E17AC491E4BB3C4005D5858 /* PBXContainerItemProxy */ = {
			isa = PBXContainerItemProxy;
			containerPortal = 9E17AC2C1E4BB3C4005D5858 /* Project object */;
			proxyType = 1;
			remoteGlobalIDString = 9E17AC331E4BB3C4005D5858;
			remoteInfo = ZachApp;
		};
		9E17AC541E4BB3C4005D5858 /* PBXContainerItemProxy */ = {
			isa = PBXContainerItemProxy;
			containerPortal = 9E17AC2C1E4BB3C4005D5858 /* Project object */;
			proxyType = 1;
			remoteGlobalIDString = 9E17AC331E4BB3C4005D5858;
			remoteInfo = ZachApp;
		};
/* End PBXContainerItemProxy section */

/* Begin PBXFileReference section */
		9E17AC341E4BB3C4005D5858 /* ZachApp.app */ = {isa = PBXFileReference; explicitFileType = wrapper.application; includeInIndex = 0; path = ZachApp.app; sourceTree = BUILT_PRODUCTS_DIR; };
		9E17AC371E4BB3C4005D5858 /* AppDelegate.swift */ = {isa = PBXFileReference; lastKnownFileType = sourcecode.swift; path = AppDelegate.swift; sourceTree = "<group>"; };
		9E17AC391E4BB3C4005D5858 /* ViewController.swift */ = {isa = PBXFileReference; lastKnownFileType = sourcecode.swift; path = ViewController.swift; sourceTree = "<group>"; };
		9E17AC3C1E4BB3C4005D5858 /* Base */ = {isa = PBXFileReference; lastKnownFileType = file.storyboard; name = Base; path = Base.lproj/Main.storyboard; sourceTree = "<group>"; };
		9E17AC3E1E4BB3C4005D5858 /* Assets.xcassets */ = {isa = PBXFileReference; lastKnownFileType = folder.assetcatalog; path = Assets.xcassets; sourceTree = "<group>"; };
		9E17AC411E4BB3C4005D5858 /* Base */ = {isa = PBXFileReference; lastKnownFileType = file.storyboard; name = Base; path = Base.lproj/LaunchScreen.storyboard; sourceTree = "<group>"; };
		9E17AC431E4BB3C4005D5858 /* Info.plist */ = {isa = PBXFileReference; lastKnownFileType = text.plist.xml; path = Info.plist; sourceTree = "<group>"; };
		9E17AC481E4BB3C4005D5858 /* ZachAppTests.xctest */ = {isa = PBXFileReference; explicitFileType = wrapper.cfbundle; includeInIndex = 0; path = ZachAppTests.xctest; sourceTree = BUILT_PRODUCTS_DIR; };
		9E17AC4C1E4BB3C4005D5858 /* ZachAppTests.swift */ = {isa = PBXFileReference; lastKnownFileType = sourcecode.swift; path = ZachAppTests.swift; sourceTree = "<group>"; };
		9E17AC4E1E4BB3C4005D5858 /* Info.plist */ = {isa = PBXFileReference; lastKnownFileType = text.plist.xml; path = Info.plist; sourceTree = "<group>"; };
		9E17AC531E4BB3C4005D5858 /* ZachAppUITests.xctest */ = {isa = PBXFileReference; explicitFileType = wrapper.cfbundle; includeInIndex = 0; path = ZachAppUITests.xctest; sourceTree = BUILT_PRODUCTS_DIR; };
		9E17AC571E4BB3C4005D5858 /* ZachAppUITests.swift */ = {isa = PBXFileReference; lastKnownFileType = sourcecode.swift; path = ZachAppUITests.swift; sourceTree = "<group>"; };
		9E17AC591E4BB3C4005D5858 /* Info.plist */ = {isa = PBXFileReference; lastKnownFileType = text.plist.xml; path = Info.plist; sourceTree = "<group>"; };
		9E17AC651E4BB538005D5858 /* MyCollectionCVC.swift */ = {isa = PBXFileReference; fileEncoding = 4; lastKnownFileType = sourcecode.swift; path = MyCollectionCVC.swift; sourceTree = "<group>"; };
		9E17AC671E4BBCEC005D5858 /* MyCustomCell.swift */ = {isa = PBXFileReference; fileEncoding = 4; lastKnownFileType = sourcecode.swift; path = MyCustomCell.swift; sourceTree = "<group>"; };
		9E1953721E54ECB40088F083 /* UIView+Extras.swift */ = {isa = PBXFileReference; fileEncoding = 4; lastKnownFileType = sourcecode.swift; path = "UIView+Extras.swift"; sourceTree = "<group>"; };
		9E1953741E54F0DA0088F083 /* CustomFlowLayout.swift */ = {isa = PBXFileReference; fileEncoding = 4; lastKnownFileType = sourcecode.swift; path = CustomFlowLayout.swift; sourceTree = "<group>"; };
		9E1953761E54F6A90088F083 /* Core.swift */ = {isa = PBXFileReference; fileEncoding = 4; lastKnownFileType = sourcecode.swift; path = Core.swift; sourceTree = "<group>"; };
		9E1953781E54F7D20088F083 /* CellClickedVC.swift */ = {isa = PBXFileReference; fileEncoding = 4; lastKnownFileType = sourcecode.swift; path = CellClickedVC.swift; sourceTree = "<group>"; };
		9EAACC661E5E283000A9020D /* CollectionViewContainerVC.swift */ = {isa = PBXFileReference; fileEncoding = 4; lastKnownFileType = sourcecode.swift; path = CollectionViewContainerVC.swift; sourceTree = "<group>"; };
		9EAACC681E5E2FD000A9020D /* UIViewController+Extras.swift */ = {isa = PBXFileReference; fileEncoding = 4; lastKnownFileType = sourcecode.swift; path = "UIViewController+Extras.swift"; sourceTree = "<group>"; };
/* End PBXFileReference section */

/* Begin PBXFrameworksBuildPhase section */
		9E17AC311E4BB3C4005D5858 /* Frameworks */ = {
			isa = PBXFrameworksBuildPhase;
			buildActionMask = 2147483647;
			files = (
			);
			runOnlyForDeploymentPostprocessing = 0;
		};
		9E17AC451E4BB3C4005D5858 /* Frameworks */ = {
			isa = PBXFrameworksBuildPhase;
			buildActionMask = 2147483647;
			files = (
			);
			runOnlyForDeploymentPostprocessing = 0;
		};
		9E17AC501E4BB3C4005D5858 /* Frameworks */ = {
			isa = PBXFrameworksBuildPhase;
			buildActionMask = 2147483647;
			files = (
			);
			runOnlyForDeploymentPostprocessing = 0;
		};
/* End PBXFrameworksBuildPhase section */

/* Begin PBXGroup section */
		9E17AC2B1E4BB3C4005D5858 = {
			isa = PBXGroup;
			children = (
				9E17AC361E4BB3C4005D5858 /* ZachApp */,
				9E17AC4B1E4BB3C4005D5858 /* ZachAppTests */,
				9E17AC561E4BB3C4005D5858 /* ZachAppUITests */,
				9E17AC351E4BB3C4005D5858 /* Products */,
			);
			sourceTree = "<group>";
		};
		9E17AC351E4BB3C4005D5858 /* Products */ = {
			isa = PBXGroup;
			children = (
				9E17AC341E4BB3C4005D5858 /* ZachApp.app */,
				9E17AC481E4BB3C4005D5858 /* ZachAppTests.xctest */,
				9E17AC531E4BB3C4005D5858 /* ZachAppUITests.xctest */,
			);
			name = Products;
			sourceTree = "<group>";
		};
		9E17AC361E4BB3C4005D5858 /* ZachApp */ = {
			isa = PBXGroup;
			children = (
				9E17AC371E4BB3C4005D5858 /* AppDelegate.swift */,
				9E17AC391E4BB3C4005D5858 /* ViewController.swift */,
				9E17AC3B1E4BB3C4005D5858 /* Main.storyboard */,
				9E17AC3E1E4BB3C4005D5858 /* Assets.xcassets */,
				9E17AC401E4BB3C4005D5858 /* LaunchScreen.storyboard */,
				9E17AC431E4BB3C4005D5858 /* Info.plist */,
				9E17AC651E4BB538005D5858 /* MyCollectionCVC.swift */,
				9E17AC671E4BBCEC005D5858 /* MyCustomCell.swift */,
				9E1953721E54ECB40088F083 /* UIView+Extras.swift */,
				9E1953741E54F0DA0088F083 /* CustomFlowLayout.swift */,
				9E1953761E54F6A90088F083 /* Core.swift */,
				9E1953781E54F7D20088F083 /* CellClickedVC.swift */,
				9EAACC661E5E283000A9020D /* CollectionViewContainerVC.swift */,
				9EAACC681E5E2FD000A9020D /* UIViewController+Extras.swift */,
			);
			path = ZachApp;
			sourceTree = "<group>";
		};
		9E17AC4B1E4BB3C4005D5858 /* ZachAppTests */ = {
			isa = PBXGroup;
			children = (
				9E17AC4C1E4BB3C4005D5858 /* ZachAppTests.swift */,
				9E17AC4E1E4BB3C4005D5858 /* Info.plist */,
			);
			path = ZachAppTests;
			sourceTree = "<group>";
		};
		9E17AC561E4BB3C4005D5858 /* ZachAppUITests */ = {
			isa = PBXGroup;
			children = (
				9E17AC571E4BB3C4005D5858 /* ZachAppUITests.swift */,
				9E17AC591E4BB3C4005D5858 /* Info.plist */,
			);
			path = ZachAppUITests;
			sourceTree = "<group>";
		};
/* End PBXGroup section */

/* Begin PBXNativeTarget section */
		9E17AC331E4BB3C4005D5858 /* ZachApp */ = {
			isa = PBXNativeTarget;
			buildConfigurationList = 9E17AC5C1E4BB3C4005D5858 /* Build configuration list for PBXNativeTarget "ZachApp" */;
			buildPhases = (
				9E17AC301E4BB3C4005D5858 /* Sources */,
				9E17AC311E4BB3C4005D5858 /* Frameworks */,
				9E17AC321E4BB3C4005D5858 /* Resources */,
			);
			buildRules = (
			);
			dependencies = (
			);
			name = ZachApp;
			productName = ZachApp;
			productReference = 9E17AC341E4BB3C4005D5858 /* ZachApp.app */;
			productType = "com.apple.product-type.application";
		};
		9E17AC471E4BB3C4005D5858 /* ZachAppTests */ = {
			isa = PBXNativeTarget;
			buildConfigurationList = 9E17AC5F1E4BB3C4005D5858 /* Build configuration list for PBXNativeTarget "ZachAppTests" */;
			buildPhases = (
				9E17AC441E4BB3C4005D5858 /* Sources */,
				9E17AC451E4BB3C4005D5858 /* Frameworks */,
				9E17AC461E4BB3C4005D5858 /* Resources */,
			);
			buildRules = (
			);
			dependencies = (
				9E17AC4A1E4BB3C4005D5858 /* PBXTargetDependency */,
			);
			name = ZachAppTests;
			productName = ZachAppTests;
			productReference = 9E17AC481E4BB3C4005D5858 /* ZachAppTests.xctest */;
			productType = "com.apple.product-type.bundle.unit-test";
		};
		9E17AC521E4BB3C4005D5858 /* ZachAppUITests */ = {
			isa = PBXNativeTarget;
			buildConfigurationList = 9E17AC621E4BB3C4005D5858 /* Build configuration list for PBXNativeTarget "ZachAppUITests" */;
			buildPhases = (
				9E17AC4F1E4BB3C4005D5858 /* Sources */,
				9E17AC501E4BB3C4005D5858 /* Frameworks */,
				9E17AC511E4BB3C4005D5858 /* Resources */,
			);
			buildRules = (
			);
			dependencies = (
				9E17AC551E4BB3C4005D5858 /* PBXTargetDependency */,
			);
			name = ZachAppUITests;
			productName = ZachAppUITests;
			productReference = 9E17AC531E4BB3C4005D5858 /* ZachAppUITests.xctest */;
			productType = "com.apple.product-type.bundle.ui-testing";
		};
/* End PBXNativeTarget section */

/* Begin PBXProject section */
		9E17AC2C1E4BB3C4005D5858 /* Project object */ = {
			isa = PBXProject;
			attributes = {
				LastSwiftUpdateCheck = 0820;
				LastUpgradeCheck = 0820;
				ORGANIZATIONNAME = "Michael Litman";
				TargetAttributes = {
					9E17AC331E4BB3C4005D5858 = {
						CreatedOnToolsVersion = 8.2.1;
						DevelopmentTeam = 4X76CP793V;
						ProvisioningStyle = Automatic;
					};
					9E17AC471E4BB3C4005D5858 = {
						CreatedOnToolsVersion = 8.2.1;
						DevelopmentTeam = 4X76CP793V;
						ProvisioningStyle = Automatic;
						TestTargetID = 9E17AC331E4BB3C4005D5858;
					};
					9E17AC521E4BB3C4005D5858 = {
						CreatedOnToolsVersion = 8.2.1;
						DevelopmentTeam = 4X76CP793V;
						ProvisioningStyle = Automatic;
						TestTargetID = 9E17AC331E4BB3C4005D5858;
					};
				};
			};
			buildConfigurationList = 9E17AC2F1E4BB3C4005D5858 /* Build configuration list for PBXProject "ZachApp" */;
			compatibilityVersion = "Xcode 3.2";
			developmentRegion = English;
			hasScannedForEncodings = 0;
			knownRegions = (
				en,
				Base,
			);
			mainGroup = 9E17AC2B1E4BB3C4005D5858;
			productRefGroup = 9E17AC351E4BB3C4005D5858 /* Products */;
			projectDirPath = "";
			projectRoot = "";
			targets = (
				9E17AC331E4BB3C4005D5858 /* ZachApp */,
				9E17AC471E4BB3C4005D5858 /* ZachAppTests */,
				9E17AC521E4BB3C4005D5858 /* ZachAppUITests */,
			);
		};
/* End PBXProject section */

/* Begin PBXResourcesBuildPhase section */
		9E17AC321E4BB3C4005D5858 /* Resources */ = {
			isa = PBXResourcesBuildPhase;
			buildActionMask = 2147483647;
			files = (
				9E17AC421E4BB3C4005D5858 /* LaunchScreen.storyboard in Resources */,
				9E17AC3F1E4BB3C4005D5858 /* Assets.xcassets in Resources */,
				9E17AC3D1E4BB3C4005D5858 /* Main.storyboard in Resources */,
			);
			runOnlyForDeploymentPostprocessing = 0;
		};
		9E17AC461E4BB3C4005D5858 /* Resources */ = {
			isa = PBXResourcesBuildPhase;
			buildActionMask = 2147483647;
			files = (
			);
			runOnlyForDeploymentPostprocessing = 0;
		};
		9E17AC511E4BB3C4005D5858 /* Resources */ = {
			isa = PBXResourcesBuildPhase;
			buildActionMask = 2147483647;
			files = (
			);
			runOnlyForDeploymentPostprocessing = 0;
		};
/* End PBXResourcesBuildPhase section */

/* Begin PBXSourcesBuildPhase section */
		9E17AC301E4BB3C4005D5858 /* Sources */ = {
			isa = PBXSourcesBuildPhase;
			buildActionMask = 2147483647;
			files = (
				9E1953731E54ECB40088F083 /* UIView+Extras.swift in Sources */,
				9E17AC3A1E4BB3C4005D5858 /* ViewController.swift in Sources */,
				9EAACC671E5E283000A9020D /* CollectionViewContainerVC.swift in Sources */,
				9E17AC661E4BB538005D5858 /* MyCollectionCVC.swift in Sources */,
				9E1953771E54F6A90088F083 /* Core.swift in Sources */,
				9E17AC681E4BBCEC005D5858 /* MyCustomCell.swift in Sources */,
				9E1953751E54F0DA0088F083 /* CustomFlowLayout.swift in Sources */,
				9EAACC691E5E2FD000A9020D /* UIViewController+Extras.swift in Sources */,
				9E1953791E54F7D20088F083 /* CellClickedVC.swift in Sources */,
				9E17AC381E4BB3C4005D5858 /* AppDelegate.swift in Sources */,
			);
			runOnlyForDeploymentPostprocessing = 0;
		};
		9E17AC441E4BB3C4005D5858 /* Sources */ = {
			isa = PBXSourcesBuildPhase;
			buildActionMask = 2147483647;
			files = (
				9E17AC4D1E4BB3C4005D5858 /* ZachAppTests.swift in Sources */,
			);
			runOnlyForDeploymentPostprocessing = 0;
		};
		9E17AC4F1E4BB3C4005D5858 /* Sources */ = {
			isa = PBXSourcesBuildPhase;
			buildActionMask = 2147483647;
			files = (
				9E17AC581E4BB3C4005D5858 /* ZachAppUITests.swift in Sources */,
			);
			runOnlyForDeploymentPostprocessing = 0;
		};
/* End PBXSourcesBuildPhase section */

/* Begin PBXTargetDependency section */
		9E17AC4A1E4BB3C4005D5858 /* PBXTargetDependency */ = {
			isa = PBXTargetDependency;
			target = 9E17AC331E4BB3C4005D5858 /* ZachApp */;
			targetProxy = 9E17AC491E4BB3C4005D5858 /* PBXContainerItemProxy */;
		};
		9E17AC551E4BB3C4005D5858 /* PBXTargetDependency */ = {
			isa = PBXTargetDependency;
			target = 9E17AC331E4BB3C4005D5858 /* ZachApp */;
			targetProxy = 9E17AC541E4BB3C4005D5858 /* PBXContainerItemProxy */;
		};
/* End PBXTargetDependency section */

/* Begin PBXVariantGroup section */
		9E17AC3B1E4BB3C4005D5858 /* Main.storyboard */ = {
			isa = PBXVariantGroup;
			children = (
				9E17AC3C1E4BB3C4005D5858 /* Base */,
			);
			name = Main.storyboard;
			sourceTree = "<group>";
		};
		9E17AC401E4BB3C4005D5858 /* LaunchScreen.storyboard */ = {
			isa = PBXVariantGroup;
			children = (
				9E17AC411E4BB3C4005D5858 /* Base */,
			);
			name = LaunchScreen.storyboard;
			sourceTree = "<group>";
		};
/* End PBXVariantGroup section */

/* Begin XCBuildConfiguration section */
		9E17AC5A1E4BB3C4005D5858 /* Debug */ = {
			isa = XCBuildConfiguration;
			buildSettings = {
				ALWAYS_SEARCH_USER_PATHS = NO;
				CLANG_ANALYZER_NONNULL = YES;
				CLANG_CXX_LANGUAGE_STANDARD = "gnu++0x";
				CLANG_CXX_LIBRARY = "libc++";
				CLANG_ENABLE_MODULES = YES;
				CLANG_ENABLE_OBJC_ARC = YES;
				CLANG_WARN_BOOL_CONVERSION = YES;
				CLANG_WARN_CONSTANT_CONVERSION = YES;
				CLANG_WARN_DIRECT_OBJC_ISA_USAGE = YES_ERROR;
				CLANG_WARN_DOCUMENTATION_COMMENTS = YES;
				CLANG_WARN_EMPTY_BODY = YES;
				CLANG_WARN_ENUM_CONVERSION = YES;
				CLANG_WARN_INFINITE_RECURSION = YES;
				CLANG_WARN_INT_CONVERSION = YES;
				CLANG_WARN_OBJC_ROOT_CLASS = YES_ERROR;
				CLANG_WARN_SUSPICIOUS_MOVE = YES;
				CLANG_WARN_UNREACHABLE_CODE = YES;
				CLANG_WARN__DUPLICATE_METHOD_MATCH = YES;
				"CODE_SIGN_IDENTITY[sdk=iphoneos*]" = "iPhone Developer";
				COPY_PHASE_STRIP = NO;
				DEBUG_INFORMATION_FORMAT = dwarf;
				ENABLE_STRICT_OBJC_MSGSEND = YES;
				ENABLE_TESTABILITY = YES;
				GCC_C_LANGUAGE_STANDARD = gnu99;
				GCC_DYNAMIC_NO_PIC = NO;
				GCC_NO_COMMON_BLOCKS = YES;
				GCC_OPTIMIZATION_LEVEL = 0;
				GCC_PREPROCESSOR_DEFINITIONS = (
					"DEBUG=1",
					"$(inherited)",
				);
				GCC_WARN_64_TO_32_BIT_CONVERSION = YES;
				GCC_WARN_ABOUT_RETURN_TYPE = YES_ERROR;
				GCC_WARN_UNDECLARED_SELECTOR = YES;
				GCC_WARN_UNINITIALIZED_AUTOS = YES_AGGRESSIVE;
				GCC_WARN_UNUSED_FUNCTION = YES;
				GCC_WARN_UNUSED_VARIABLE = YES;
				IPHONEOS_DEPLOYMENT_TARGET = 10.2;
				MTL_ENABLE_DEBUG_INFO = YES;
				ONLY_ACTIVE_ARCH = YES;
				SDKROOT = iphoneos;
				SWIFT_ACTIVE_COMPILATION_CONDITIONS = DEBUG;
				SWIFT_OPTIMIZATION_LEVEL = "-Onone";
			};
			name = Debug;
		};
		9E17AC5B1E4BB3C4005D5858 /* Release */ = {
			isa = XCBuildConfiguration;
			buildSettings = {
				ALWAYS_SEARCH_USER_PATHS = NO;
				CLANG_ANALYZER_NONNULL = YES;
				CLANG_CXX_LANGUAGE_STANDARD = "gnu++0x";
				CLANG_CXX_LIBRARY = "libc++";
				CLANG_ENABLE_MODULES = YES;
				CLANG_ENABLE_OBJC_ARC = YES;
				CLANG_WARN_BOOL_CONVERSION = YES;
				CLANG_WARN_CONSTANT_CONVERSION = YES;
				CLANG_WARN_DIRECT_OBJC_ISA_USAGE = YES_ERROR;
				CLANG_WARN_DOCUMENTATION_COMMENTS = YES;
				CLANG_WARN_EMPTY_BODY = YES;
				CLANG_WARN_ENUM_CONVERSION = YES;
				CLANG_WARN_INFINITE_RECURSION = YES;
				CLANG_WARN_INT_CONVERSION = YES;
				CLANG_WARN_OBJC_ROOT_CLASS = YES_ERROR;
				CLANG_WARN_SUSPICIOUS_MOVE = YES;
				CLANG_WARN_UNREACHABLE_CODE = YES;
				CLANG_WARN__DUPLICATE_METHOD_MATCH = YES;
				"CODE_SIGN_IDENTITY[sdk=iphoneos*]" = "iPhone Developer";
				COPY_PHASE_STRIP = NO;
				DEBUG_INFORMATION_FORMAT = "dwarf-with-dsym";
				ENABLE_NS_ASSERTIONS = NO;
				ENABLE_STRICT_OBJC_MSGSEND = YES;
				GCC_C_LANGUAGE_STANDARD = gnu99;
				GCC_NO_COMMON_BLOCKS = YES;
				GCC_WARN_64_TO_32_BIT_CONVERSION = YES;
				GCC_WARN_ABOUT_RETURN_TYPE = YES_ERROR;
				GCC_WARN_UNDECLARED_SELECTOR = YES;
				GCC_WARN_UNINITIALIZED_AUTOS = YES_AGGRESSIVE;
				GCC_WARN_UNUSED_FUNCTION = YES;
				GCC_WARN_UNUSED_VARIABLE = YES;
				IPHONEOS_DEPLOYMENT_TARGET = 10.2;
				MTL_ENABLE_DEBUG_INFO = NO;
				SDKROOT = iphoneos;
				SWIFT_OPTIMIZATION_LEVEL = "-Owholemodule";
				VALIDATE_PRODUCT = YES;
			};
			name = Release;
		};
		9E17AC5D1E4BB3C4005D5858 /* Debug */ = {
			isa = XCBuildConfiguration;
			buildSettings = {
				ASSETCATALOG_COMPILER_APPICON_NAME = AppIcon;
				DEVELOPMENT_TEAM = 4X76CP793V;
				INFOPLIST_FILE = ZachApp/Info.plist;
				LD_RUNPATH_SEARCH_PATHS = "$(inherited) @executable_path/Frameworks";
				PRODUCT_BUNDLE_IDENTIFIER = com.awesomefat.zach.ZachApp;
				PRODUCT_NAME = "$(TARGET_NAME)";
				SWIFT_VERSION = 3.0;
			};
			name = Debug;
		};
		9E17AC5E1E4BB3C4005D5858 /* Release */ = {
			isa = XCBuildConfiguration;
			buildSettings = {
				ASSETCATALOG_COMPILER_APPICON_NAME = AppIcon;
				DEVELOPMENT_TEAM = 4X76CP793V;
				INFOPLIST_FILE = ZachApp/Info.plist;
				LD_RUNPATH_SEARCH_PATHS = "$(inherited) @executable_path/Frameworks";
				PRODUCT_BUNDLE_IDENTIFIER = com.awesomefat.zach.ZachApp;
				PRODUCT_NAME = "$(TARGET_NAME)";
				SWIFT_VERSION = 3.0;
			};
			name = Release;
		};
		9E17AC601E4BB3C4005D5858 /* Debug */ = {
			isa = XCBuildConfiguration;
			buildSettings = {
				ALWAYS_EMBED_SWIFT_STANDARD_LIBRARIES = YES;
				BUNDLE_LOADER = "$(TEST_HOST)";
				DEVELOPMENT_TEAM = 4X76CP793V;
				INFOPLIST_FILE = ZachAppTests/Info.plist;
				LD_RUNPATH_SEARCH_PATHS = "$(inherited) @executable_path/Frameworks @loader_path/Frameworks";
				PRODUCT_BUNDLE_IDENTIFIER = com.awesomefat.zach.ZachAppTests;
				PRODUCT_NAME = "$(TARGET_NAME)";
				SWIFT_VERSION = 3.0;
				TEST_HOST = "$(BUILT_PRODUCTS_DIR)/ZachApp.app/ZachApp";
			};
			name = Debug;
		};
		9E17AC611E4BB3C4005D5858 /* Release */ = {
			isa = XCBuildConfiguration;
			buildSettings = {
				ALWAYS_EMBED_SWIFT_STANDARD_LIBRARIES = YES;
				BUNDLE_LOADER = "$(TEST_HOST)";
				DEVELOPMENT_TEAM = 4X76CP793V;
				INFOPLIST_FILE = ZachAppTests/Info.plist;
				LD_RUNPATH_SEARCH_PATHS = "$(inherited) @executable_path/Frameworks @loader_path/Frameworks";
				PRODUCT_BUNDLE_IDENTIFIER = com.awesomefat.zach.ZachAppTests;
				PRODUCT_NAME = "$(TARGET_NAME)";
				SWIFT_VERSION = 3.0;
				TEST_HOST = "$(BUILT_PRODUCTS_DIR)/ZachApp.app/ZachApp";
			};
			name = Release;
		};
		9E17AC631E4BB3C4005D5858 /* Debug */ = {
			isa = XCBuildConfiguration;
			buildSettings = {
				ALWAYS_EMBED_SWIFT_STANDARD_LIBRARIES = YES;
				DEVELOPMENT_TEAM = 4X76CP793V;
				INFOPLIST_FILE = ZachAppUITests/Info.plist;
				LD_RUNPATH_SEARCH_PATHS = "$(inherited) @executable_path/Frameworks @loader_path/Frameworks";
				PRODUCT_BUNDLE_IDENTIFIER = com.awesomefat.zach.ZachAppUITests;
				PRODUCT_NAME = "$(TARGET_NAME)";
				SWIFT_VERSION = 3.0;
				TEST_TARGET_NAME = ZachApp;
			};
			name = Debug;
		};
		9E17AC641E4BB3C4005D5858 /* Release */ = {
			isa = XCBuildConfiguration;
			buildSettings = {
				ALWAYS_EMBED_SWIFT_STANDARD_LIBRARIES = YES;
				DEVELOPMENT_TEAM = 4X76CP793V;
				INFOPLIST_FILE = ZachAppUITests/Info.plist;
				LD_RUNPATH_SEARCH_PATHS = "$(inherited) @executable_path/Frameworks @loader_path/Frameworks";
				PRODUCT_BUNDLE_IDENTIFIER = com.awesomefat.zach.ZachAppUITests;
				PRODUCT_NAME = "$(TARGET_NAME)";
				SWIFT_VERSION = 3.0;
				TEST_TARGET_NAME = ZachApp;
			};
			name = Release;
		};
/* End XCBuildConfiguration section */

/* Begin XCConfigurationList section */
		9E17AC2F1E4BB3C4005D5858 /* Build configuration list for PBXProject "ZachApp" */ = {
			isa = XCConfigurationList;
			buildConfigurations = (
				9E17AC5A1E4BB3C4005D5858 /* Debug */,
				9E17AC5B1E4BB3C4005D5858 /* Release */,
			);
			defaultConfigurationIsVisible = 0;
			defaultConfigurationName = Release;
		};
		9E17AC5C1E4BB3C4005D5858 /* Build configuration list for PBXNativeTarget "ZachApp" */ = {
			isa = XCConfigurationList;
			buildConfigurations = (
				9E17AC5D1E4BB3C4005D5858 /* Debug */,
				9E17AC5E1E4BB3C4005D5858 /* Release */,
			);
			defaultConfigurationIsVisible = 0;
			defaultConfigurationName = Release;
		};
		9E17AC5F1E4BB3C4005D5858 /* Build configuration list for PBXNativeTarget "ZachAppTests" */ = {
			isa = XCConfigurationList;
			buildConfigurations = (
				9E17AC601E4BB3C4005D5858 /* Debug */,
				9E17AC611E4BB3C4005D5858 /* Release */,
			);
			defaultConfigurationIsVisible = 0;
			defaultConfigurationName = Release;
		};
		9E17AC621E4BB3C4005D5858 /* Build configuration list for PBXNativeTarget "ZachAppUITests" */ = {
			isa = XCConfigurationList;
			buildConfigurations = (
				9E17AC631E4BB3C4005D5858 /* Debug */,
				9E17AC641E4BB3C4005D5858 /* Release */,
			);
			defaultConfigurationIsVisible = 0;
			defaultConfigurationName = Release;
		};
/* End XCConfigurationList section */
	};
	rootObject = 9E17AC2C1E4BB3C4005D5858 /* Project object */;
}
